
Microsoft Visual Studio Solution File, Format Version 12.00
# Visual Studio 15
VisualStudioVersion = 15.0.28307.572
MinimumVisualStudioVersion = 10.0.40219.1
Project("{FAE04EC0-301F-11D3-BF4B-00C04F79EFBC}") = "PriceCalculator", "PriceCalculator\PriceCalculator.csproj", "{B44A9AC3-63A5-4505-80FA-5814B8F79FDE}"
EndProject
Project("{FAE04EC0-301F-11D3-BF4B-00C04F79EFBC}") = "PriceCalculator.UnitTests", "PriceCalculator.UnitTests\PriceCalculator.UnitTests.csproj", "{C3AE6074-0CE8-47D4-AFEE-D6814C19B246}"
EndProject
Global
	GlobalSection(SolutionConfigurationPlatforms) = preSolution
		Debug|Any CPU = Debug|Any CPU
		Release|Any CPU = Release|Any CPU
	EndGlobalSection
	GlobalSection(ProjectConfigurationPlatforms) = postSolution
		{B44A9AC3-63A5-4505-80FA-5814B8F79FDE}.Debug|Any CPU.ActiveCfg = Debug|Any CPU
		{B44A9AC3-63A5-4505-80FA-5814B8F79FDE}.Debug|Any CPU.Build.0 = Debug|Any CPU
		{B44A9AC3-63A5-4505-80FA-5814B8F79FDE}.Release|Any CPU.ActiveCfg = Release|Any CPU
		{B44A9AC3-63A5-4505-80FA-5814B8F79FDE}.Release|Any CPU.Build.0 = Release|Any CPU
		{C3AE6074-0CE8-47D4-AFEE-D6814C19B246}.Debug|Any CPU.ActiveCfg = Debug|Any CPU
		{C3AE6074-0CE8-47D4-AFEE-D6814C19B246}.Debug|Any CPU.Build.0 = Debug|Any CPU
		{C3AE6074-0CE8-47D4-AFEE-D6814C19B246}.Release|Any CPU.ActiveCfg = Release|Any CPU
		{C3AE6074-0CE8-47D4-AFEE-D6814C19B246}.Release|Any CPU.Build.0 = Release|Any CPU
	EndGlobalSection
	GlobalSection(SolutionProperties) = preSolution
		HideSolutionNode = FALSE
	EndGlobalSection
	GlobalSection(ExtensibilityGlobals) = postSolution
		SolutionGuid = {15BEA2C1-3562-4509-8D06-DBA0F4060E3C}
	EndGlobalSection
EndGlobal
